
Microsoft Visual Studio Solution File, Format Version 12.00
# Visual Studio 14
VisualStudioVersion = 14.0.25420.1
MinimumVisualStudioVersion = 10.0.40219.1
Project("{FAE04EC0-301F-11D3-BF4B-00C04F79EFBC}") = "Integreat.iOS", "Integreat\Integreat.iOS\Integreat.iOS.csproj", "{57D462E5-DA95-44F5-B15D-05F2A83CE67C}"
EndProject
Project("{FAE04EC0-301F-11D3-BF4B-00C04F79EFBC}") = "Integreat.Droid", "Integreat\Integreat.Droid\Integreat.Droid.csproj", "{A7E21580-4FB4-483E-8EAD-C8399E749A3D}"
EndProject
Project("{FAE04EC0-301F-11D3-BF4B-00C04F79EFBC}") = "Integreat.Droid.Test", "Integreat\Integreat.Droid.Test\Integreat.Droid.Test.csproj", "{9F15876E-E40D-4F80-9920-15121661885C}"
EndProject
Project("{FAE04EC0-301F-11D3-BF4B-00C04F79EFBC}") = "Integreat.iOS.Test", "Integreat\Integreat.iOS.Test\Integreat.iOS.Test.csproj", "{BA5BF473-1842-4D86-82A2-AB7E35638DB8}"
EndProject
Project("{D954291E-2A0B-460D-934E-DC6B0785DB48}") = "Integreat.Shared", "Integreat\Integreat.Shared\Integreat.Shared.shproj", "{0E44FB35-2A2A-4091-9D15-F03046532D96}"
EndProject
Project("{D954291E-2A0B-460D-934E-DC6B0785DB48}") = "Integreat.Shared.Test", "Integreat\Integreat.Shared.Test\Integreat.Shared.Test.shproj", "{27517C70-BBFA-4F6A-AC6A-D9165C3BBCB9}"
EndProject
Project("{FAE04EC0-301F-11D3-BF4B-00C04F79EFBC}") = "Integreat.WP8", "Integreat\Integreat.WP8\Integreat.WP8.csproj", "{5AC54F9B-6238-4FC3-AAFB-86EBAC3495DC}"
EndProject
Project("{FAE04EC0-301F-11D3-BF4B-00C04F79EFBC}") = "Integreat.UWP", "Integreat\Integreat.UWP\Integreat.UWP.csproj", "{3DC6615A-EC73-430C-958E-56F6478DD588}"
EndProject
Global
	GlobalSection(SharedMSBuildProjectFiles) = preSolution
		Integreat\Integreat.Shared\Integreat.Shared.projitems*{0e44fb35-2a2a-4091-9d15-f03046532d96}*SharedItemsImports = 13
		Integreat\Integreat.Shared.Test\Integreat.Shared.Test.projitems*{27517c70-bbfa-4f6a-ac6a-d9165c3bbcb9}*SharedItemsImports = 13
		Integreat\Integreat.Shared\Integreat.Shared.projitems*{3dc6615a-ec73-430c-958e-56f6478dd588}*SharedItemsImports = 4
		Integreat\Integreat.Shared\Integreat.Shared.projitems*{57d462e5-da95-44f5-b15d-05f2a83ce67c}*SharedItemsImports = 4
		Integreat\Integreat.Shared\Integreat.Shared.projitems*{5ac54f9b-6238-4fc3-aafb-86ebac3495dc}*SharedItemsImports = 4
		Integreat\Integreat.Shared.Test\Integreat.Shared.Test.projitems*{9f15876e-e40d-4f80-9920-15121661885c}*SharedItemsImports = 4
		Integreat\Integreat.Shared\Integreat.Shared.projitems*{a7e21580-4fb4-483e-8ead-c8399e749a3d}*SharedItemsImports = 4
		Integreat\Integreat.Shared.Test\Integreat.Shared.Test.projitems*{ba5bf473-1842-4d86-82a2-ab7e35638db8}*SharedItemsImports = 4
	EndGlobalSection
	GlobalSection(SolutionConfigurationPlatforms) = preSolution
		Ad-Hoc|Any CPU = Ad-Hoc|Any CPU
		Ad-Hoc|ARM = Ad-Hoc|ARM
		Ad-Hoc|iPhone = Ad-Hoc|iPhone
		Ad-Hoc|iPhoneSimulator = Ad-Hoc|iPhoneSimulator
		Ad-Hoc|x64 = Ad-Hoc|x64
		Ad-Hoc|x86 = Ad-Hoc|x86
		AppStore|Any CPU = AppStore|Any CPU
		AppStore|ARM = AppStore|ARM
		AppStore|iPhone = AppStore|iPhone
		AppStore|iPhoneSimulator = AppStore|iPhoneSimulator
		AppStore|x64 = AppStore|x64
		AppStore|x86 = AppStore|x86
		Debug|Any CPU = Debug|Any CPU
		Debug|ARM = Debug|ARM
		Debug|iPhone = Debug|iPhone
		Debug|iPhoneSimulator = Debug|iPhoneSimulator
		Debug|x64 = Debug|x64
		Debug|x86 = Debug|x86
		Release|Any CPU = Release|Any CPU
		Release|ARM = Release|ARM
		Release|iPhone = Release|iPhone
		Release|iPhoneSimulator = Release|iPhoneSimulator
		Release|x64 = Release|x64
		Release|x86 = Release|x86
	EndGlobalSection
	GlobalSection(ProjectConfigurationPlatforms) = postSolution
		{57D462E5-DA95-44F5-B15D-05F2A83CE67C}.Ad-Hoc|Any CPU.ActiveCfg = Ad-Hoc|iPhone
		{57D462E5-DA95-44F5-B15D-05F2A83CE67C}.Ad-Hoc|ARM.ActiveCfg = Ad-Hoc|iPhoneSimulator
		{57D462E5-DA95-44F5-B15D-05F2A83CE67C}.Ad-Hoc|iPhone.ActiveCfg = Ad-Hoc|iPhone
		{57D462E5-DA95-44F5-B15D-05F2A83CE67C}.Ad-Hoc|iPhone.Build.0 = Ad-Hoc|iPhone
		{57D462E5-DA95-44F5-B15D-05F2A83CE67C}.Ad-Hoc|iPhoneSimulator.ActiveCfg = Ad-Hoc|iPhoneSimulator
		{57D462E5-DA95-44F5-B15D-05F2A83CE67C}.Ad-Hoc|iPhoneSimulator.Build.0 = Ad-Hoc|iPhoneSimulator
		{57D462E5-DA95-44F5-B15D-05F2A83CE67C}.Ad-Hoc|x64.ActiveCfg = Ad-Hoc|iPhoneSimulator
		{57D462E5-DA95-44F5-B15D-05F2A83CE67C}.Ad-Hoc|x86.ActiveCfg = Ad-Hoc|iPhoneSimulator
		{57D462E5-DA95-44F5-B15D-05F2A83CE67C}.AppStore|Any CPU.ActiveCfg = AppStore|iPhone
		{57D462E5-DA95-44F5-B15D-05F2A83CE67C}.AppStore|ARM.ActiveCfg = AppStore|iPhoneSimulator
		{57D462E5-DA95-44F5-B15D-05F2A83CE67C}.AppStore|iPhone.ActiveCfg = AppStore|iPhone
		{57D462E5-DA95-44F5-B15D-05F2A83CE67C}.AppStore|iPhone.Build.0 = AppStore|iPhone
		{57D462E5-DA95-44F5-B15D-05F2A83CE67C}.AppStore|iPhoneSimulator.ActiveCfg = AppStore|iPhoneSimulator
		{57D462E5-DA95-44F5-B15D-05F2A83CE67C}.AppStore|iPhoneSimulator.Build.0 = AppStore|iPhoneSimulator
		{57D462E5-DA95-44F5-B15D-05F2A83CE67C}.AppStore|x64.ActiveCfg = AppStore|iPhoneSimulator
		{57D462E5-DA95-44F5-B15D-05F2A83CE67C}.AppStore|x86.ActiveCfg = AppStore|iPhoneSimulator
		{57D462E5-DA95-44F5-B15D-05F2A83CE67C}.Debug|Any CPU.ActiveCfg = Debug|iPhone
		{57D462E5-DA95-44F5-B15D-05F2A83CE67C}.Debug|ARM.ActiveCfg = Debug|iPhoneSimulator
		{57D462E5-DA95-44F5-B15D-05F2A83CE67C}.Debug|iPhone.ActiveCfg = Debug|iPhone
		{57D462E5-DA95-44F5-B15D-05F2A83CE67C}.Debug|iPhone.Build.0 = Debug|iPhone
		{57D462E5-DA95-44F5-B15D-05F2A83CE67C}.Debug|iPhoneSimulator.ActiveCfg = Debug|iPhoneSimulator
		{57D462E5-DA95-44F5-B15D-05F2A83CE67C}.Debug|iPhoneSimulator.Build.0 = Debug|iPhoneSimulator
		{57D462E5-DA95-44F5-B15D-05F2A83CE67C}.Debug|x64.ActiveCfg = Debug|iPhoneSimulator
		{57D462E5-DA95-44F5-B15D-05F2A83CE67C}.Debug|x86.ActiveCfg = Debug|iPhoneSimulator
		{57D462E5-DA95-44F5-B15D-05F2A83CE67C}.Release|Any CPU.ActiveCfg = Release|iPhone
		{57D462E5-DA95-44F5-B15D-05F2A83CE67C}.Release|ARM.ActiveCfg = Release|iPhoneSimulator
		{57D462E5-DA95-44F5-B15D-05F2A83CE67C}.Release|iPhone.ActiveCfg = Release|iPhone
		{57D462E5-DA95-44F5-B15D-05F2A83CE67C}.Release|iPhone.Build.0 = Release|iPhone
		{57D462E5-DA95-44F5-B15D-05F2A83CE67C}.Release|iPhoneSimulator.ActiveCfg = Release|iPhoneSimulator
		{57D462E5-DA95-44F5-B15D-05F2A83CE67C}.Release|iPhoneSimulator.Build.0 = Release|iPhoneSimulator
		{57D462E5-DA95-44F5-B15D-05F2A83CE67C}.Release|x64.ActiveCfg = Release|iPhoneSimulator
		{57D462E5-DA95-44F5-B15D-05F2A83CE67C}.Release|x86.ActiveCfg = Release|iPhoneSimulator
		{A7E21580-4FB4-483E-8EAD-C8399E749A3D}.Ad-Hoc|Any CPU.ActiveCfg = Release|Any CPU
		{A7E21580-4FB4-483E-8EAD-C8399E749A3D}.Ad-Hoc|Any CPU.Build.0 = Release|Any CPU
		{A7E21580-4FB4-483E-8EAD-C8399E749A3D}.Ad-Hoc|Any CPU.Deploy.0 = Release|Any CPU
		{A7E21580-4FB4-483E-8EAD-C8399E749A3D}.Ad-Hoc|ARM.ActiveCfg = Debug|Any CPU
		{A7E21580-4FB4-483E-8EAD-C8399E749A3D}.Ad-Hoc|ARM.Build.0 = Debug|Any CPU
		{A7E21580-4FB4-483E-8EAD-C8399E749A3D}.Ad-Hoc|ARM.Deploy.0 = Debug|Any CPU
		{A7E21580-4FB4-483E-8EAD-C8399E749A3D}.Ad-Hoc|iPhone.ActiveCfg = Release|Any CPU
		{A7E21580-4FB4-483E-8EAD-C8399E749A3D}.Ad-Hoc|iPhone.Build.0 = Release|Any CPU
		{A7E21580-4FB4-483E-8EAD-C8399E749A3D}.Ad-Hoc|iPhone.Deploy.0 = Release|Any CPU
		{A7E21580-4FB4-483E-8EAD-C8399E749A3D}.Ad-Hoc|iPhoneSimulator.ActiveCfg = Release|Any CPU
		{A7E21580-4FB4-483E-8EAD-C8399E749A3D}.Ad-Hoc|iPhoneSimulator.Build.0 = Release|Any CPU
		{A7E21580-4FB4-483E-8EAD-C8399E749A3D}.Ad-Hoc|iPhoneSimulator.Deploy.0 = Release|Any CPU
		{A7E21580-4FB4-483E-8EAD-C8399E749A3D}.Ad-Hoc|x64.ActiveCfg = Debug|Any CPU
		{A7E21580-4FB4-483E-8EAD-C8399E749A3D}.Ad-Hoc|x64.Build.0 = Debug|Any CPU
		{A7E21580-4FB4-483E-8EAD-C8399E749A3D}.Ad-Hoc|x64.Deploy.0 = Debug|Any CPU
		{A7E21580-4FB4-483E-8EAD-C8399E749A3D}.Ad-Hoc|x86.ActiveCfg = Debug|Any CPU
		{A7E21580-4FB4-483E-8EAD-C8399E749A3D}.Ad-Hoc|x86.Build.0 = Debug|Any CPU
		{A7E21580-4FB4-483E-8EAD-C8399E749A3D}.Ad-Hoc|x86.Deploy.0 = Debug|Any CPU
		{A7E21580-4FB4-483E-8EAD-C8399E749A3D}.AppStore|Any CPU.ActiveCfg = Release|Any CPU
		{A7E21580-4FB4-483E-8EAD-C8399E749A3D}.AppStore|Any CPU.Build.0 = Release|Any CPU
		{A7E21580-4FB4-483E-8EAD-C8399E749A3D}.AppStore|Any CPU.Deploy.0 = Release|Any CPU
		{A7E21580-4FB4-483E-8EAD-C8399E749A3D}.AppStore|ARM.ActiveCfg = Debug|Any CPU
		{A7E21580-4FB4-483E-8EAD-C8399E749A3D}.AppStore|ARM.Build.0 = Debug|Any CPU
		{A7E21580-4FB4-483E-8EAD-C8399E749A3D}.AppStore|ARM.Deploy.0 = Debug|Any CPU
		{A7E21580-4FB4-483E-8EAD-C8399E749A3D}.AppStore|iPhone.ActiveCfg = Release|Any CPU
		{A7E21580-4FB4-483E-8EAD-C8399E749A3D}.AppStore|iPhone.Build.0 = Release|Any CPU
		{A7E21580-4FB4-483E-8EAD-C8399E749A3D}.AppStore|iPhone.Deploy.0 = Release|Any CPU
		{A7E21580-4FB4-483E-8EAD-C8399E749A3D}.AppStore|iPhoneSimulator.ActiveCfg = Release|Any CPU
		{A7E21580-4FB4-483E-8EAD-C8399E749A3D}.AppStore|iPhoneSimulator.Build.0 = Release|Any CPU
		{A7E21580-4FB4-483E-8EAD-C8399E749A3D}.AppStore|iPhoneSimulator.Deploy.0 = Release|Any CPU
		{A7E21580-4FB4-483E-8EAD-C8399E749A3D}.AppStore|x64.ActiveCfg = Debug|Any CPU
		{A7E21580-4FB4-483E-8EAD-C8399E749A3D}.AppStore|x64.Build.0 = Debug|Any CPU
		{A7E21580-4FB4-483E-8EAD-C8399E749A3D}.AppStore|x64.Deploy.0 = Debug|Any CPU
		{A7E21580-4FB4-483E-8EAD-C8399E749A3D}.AppStore|x86.ActiveCfg = Debug|Any CPU
		{A7E21580-4FB4-483E-8EAD-C8399E749A3D}.AppStore|x86.Build.0 = Debug|Any CPU
		{A7E21580-4FB4-483E-8EAD-C8399E749A3D}.AppStore|x86.Deploy.0 = Debug|Any CPU
		{A7E21580-4FB4-483E-8EAD-C8399E749A3D}.Debug|Any CPU.ActiveCfg = Debug|Any CPU
		{A7E21580-4FB4-483E-8EAD-C8399E749A3D}.Debug|Any CPU.Build.0 = Debug|Any CPU
		{A7E21580-4FB4-483E-8EAD-C8399E749A3D}.Debug|Any CPU.Deploy.0 = Debug|Any CPU
		{A7E21580-4FB4-483E-8EAD-C8399E749A3D}.Debug|ARM.ActiveCfg = Debug|Any CPU
		{A7E21580-4FB4-483E-8EAD-C8399E749A3D}.Debug|ARM.Build.0 = Debug|Any CPU
		{A7E21580-4FB4-483E-8EAD-C8399E749A3D}.Debug|ARM.Deploy.0 = Debug|Any CPU
		{A7E21580-4FB4-483E-8EAD-C8399E749A3D}.Debug|iPhone.ActiveCfg = Debug|Any CPU
		{A7E21580-4FB4-483E-8EAD-C8399E749A3D}.Debug|iPhone.Build.0 = Debug|Any CPU
		{A7E21580-4FB4-483E-8EAD-C8399E749A3D}.Debug|iPhone.Deploy.0 = Debug|Any CPU
		{A7E21580-4FB4-483E-8EAD-C8399E749A3D}.Debug|iPhoneSimulator.ActiveCfg = Debug|Any CPU
		{A7E21580-4FB4-483E-8EAD-C8399E749A3D}.Debug|iPhoneSimulator.Build.0 = Debug|Any CPU
		{A7E21580-4FB4-483E-8EAD-C8399E749A3D}.Debug|iPhoneSimulator.Deploy.0 = Debug|Any CPU
		{A7E21580-4FB4-483E-8EAD-C8399E749A3D}.Debug|x64.ActiveCfg = Debug|Any CPU
		{A7E21580-4FB4-483E-8EAD-C8399E749A3D}.Debug|x64.Build.0 = Debug|Any CPU
		{A7E21580-4FB4-483E-8EAD-C8399E749A3D}.Debug|x64.Deploy.0 = Debug|Any CPU
		{A7E21580-4FB4-483E-8EAD-C8399E749A3D}.Debug|x86.ActiveCfg = Debug|Any CPU
		{A7E21580-4FB4-483E-8EAD-C8399E749A3D}.Debug|x86.Build.0 = Debug|Any CPU
		{A7E21580-4FB4-483E-8EAD-C8399E749A3D}.Debug|x86.Deploy.0 = Debug|Any CPU
		{A7E21580-4FB4-483E-8EAD-C8399E749A3D}.Release|Any CPU.ActiveCfg = Release|Any CPU
		{A7E21580-4FB4-483E-8EAD-C8399E749A3D}.Release|Any CPU.Build.0 = Release|Any CPU
		{A7E21580-4FB4-483E-8EAD-C8399E749A3D}.Release|Any CPU.Deploy.0 = Release|Any CPU
		{A7E21580-4FB4-483E-8EAD-C8399E749A3D}.Release|ARM.ActiveCfg = Release|Any CPU
		{A7E21580-4FB4-483E-8EAD-C8399E749A3D}.Release|ARM.Build.0 = Release|Any CPU
		{A7E21580-4FB4-483E-8EAD-C8399E749A3D}.Release|ARM.Deploy.0 = Release|Any CPU
		{A7E21580-4FB4-483E-8EAD-C8399E749A3D}.Release|iPhone.ActiveCfg = Release|Any CPU
		{A7E21580-4FB4-483E-8EAD-C8399E749A3D}.Release|iPhone.Build.0 = Release|Any CPU
		{A7E21580-4FB4-483E-8EAD-C8399E749A3D}.Release|iPhone.Deploy.0 = Release|Any CPU
		{A7E21580-4FB4-483E-8EAD-C8399E749A3D}.Release|iPhoneSimulator.ActiveCfg = Release|Any CPU
		{A7E21580-4FB4-483E-8EAD-C8399E749A3D}.Release|iPhoneSimulator.Build.0 = Release|Any CPU
		{A7E21580-4FB4-483E-8EAD-C8399E749A3D}.Release|iPhoneSimulator.Deploy.0 = Release|Any CPU
		{A7E21580-4FB4-483E-8EAD-C8399E749A3D}.Release|x64.ActiveCfg = Release|Any CPU
		{A7E21580-4FB4-483E-8EAD-C8399E749A3D}.Release|x64.Build.0 = Release|Any CPU
		{A7E21580-4FB4-483E-8EAD-C8399E749A3D}.Release|x64.Deploy.0 = Release|Any CPU
		{A7E21580-4FB4-483E-8EAD-C8399E749A3D}.Release|x86.ActiveCfg = Release|Any CPU
		{A7E21580-4FB4-483E-8EAD-C8399E749A3D}.Release|x86.Build.0 = Release|Any CPU
		{A7E21580-4FB4-483E-8EAD-C8399E749A3D}.Release|x86.Deploy.0 = Release|Any CPU
		{9F15876E-E40D-4F80-9920-15121661885C}.Ad-Hoc|Any CPU.ActiveCfg = Release|Any CPU
		{9F15876E-E40D-4F80-9920-15121661885C}.Ad-Hoc|Any CPU.Build.0 = Release|Any CPU
		{9F15876E-E40D-4F80-9920-15121661885C}.Ad-Hoc|Any CPU.Deploy.0 = Release|Any CPU
		{9F15876E-E40D-4F80-9920-15121661885C}.Ad-Hoc|ARM.ActiveCfg = Debug|Any CPU
		{9F15876E-E40D-4F80-9920-15121661885C}.Ad-Hoc|ARM.Build.0 = Debug|Any CPU
		{9F15876E-E40D-4F80-9920-15121661885C}.Ad-Hoc|ARM.Deploy.0 = Debug|Any CPU
		{9F15876E-E40D-4F80-9920-15121661885C}.Ad-Hoc|iPhone.ActiveCfg = Release|Any CPU
		{9F15876E-E40D-4F80-9920-15121661885C}.Ad-Hoc|iPhone.Build.0 = Release|Any CPU
		{9F15876E-E40D-4F80-9920-15121661885C}.Ad-Hoc|iPhone.Deploy.0 = Release|Any CPU
		{9F15876E-E40D-4F80-9920-15121661885C}.Ad-Hoc|iPhoneSimulator.ActiveCfg = Release|Any CPU
		{9F15876E-E40D-4F80-9920-15121661885C}.Ad-Hoc|iPhoneSimulator.Build.0 = Release|Any CPU
		{9F15876E-E40D-4F80-9920-15121661885C}.Ad-Hoc|iPhoneSimulator.Deploy.0 = Release|Any CPU
		{9F15876E-E40D-4F80-9920-15121661885C}.Ad-Hoc|x64.ActiveCfg = Debug|Any CPU
		{9F15876E-E40D-4F80-9920-15121661885C}.Ad-Hoc|x64.Build.0 = Debug|Any CPU
		{9F15876E-E40D-4F80-9920-15121661885C}.Ad-Hoc|x64.Deploy.0 = Debug|Any CPU
		{9F15876E-E40D-4F80-9920-15121661885C}.Ad-Hoc|x86.ActiveCfg = Debug|Any CPU
		{9F15876E-E40D-4F80-9920-15121661885C}.Ad-Hoc|x86.Build.0 = Debug|Any CPU
		{9F15876E-E40D-4F80-9920-15121661885C}.Ad-Hoc|x86.Deploy.0 = Debug|Any CPU
		{9F15876E-E40D-4F80-9920-15121661885C}.AppStore|Any CPU.ActiveCfg = Release|Any CPU
		{9F15876E-E40D-4F80-9920-15121661885C}.AppStore|Any CPU.Build.0 = Release|Any CPU
		{9F15876E-E40D-4F80-9920-15121661885C}.AppStore|Any CPU.Deploy.0 = Release|Any CPU
		{9F15876E-E40D-4F80-9920-15121661885C}.AppStore|ARM.ActiveCfg = Debug|Any CPU
		{9F15876E-E40D-4F80-9920-15121661885C}.AppStore|ARM.Build.0 = Debug|Any CPU
		{9F15876E-E40D-4F80-9920-15121661885C}.AppStore|ARM.Deploy.0 = Debug|Any CPU
		{9F15876E-E40D-4F80-9920-15121661885C}.AppStore|iPhone.ActiveCfg = Release|Any CPU
		{9F15876E-E40D-4F80-9920-15121661885C}.AppStore|iPhone.Build.0 = Release|Any CPU
		{9F15876E-E40D-4F80-9920-15121661885C}.AppStore|iPhone.Deploy.0 = Release|Any CPU
		{9F15876E-E40D-4F80-9920-15121661885C}.AppStore|iPhoneSimulator.ActiveCfg = Release|Any CPU
		{9F15876E-E40D-4F80-9920-15121661885C}.AppStore|iPhoneSimulator.Build.0 = Release|Any CPU
		{9F15876E-E40D-4F80-9920-15121661885C}.AppStore|iPhoneSimulator.Deploy.0 = Release|Any CPU
		{9F15876E-E40D-4F80-9920-15121661885C}.AppStore|x64.ActiveCfg = Debug|Any CPU
		{9F15876E-E40D-4F80-9920-15121661885C}.AppStore|x64.Build.0 = Debug|Any CPU
		{9F15876E-E40D-4F80-9920-15121661885C}.AppStore|x64.Deploy.0 = Debug|Any CPU
		{9F15876E-E40D-4F80-9920-15121661885C}.AppStore|x86.ActiveCfg = Debug|Any CPU
		{9F15876E-E40D-4F80-9920-15121661885C}.AppStore|x86.Build.0 = Debug|Any CPU
		{9F15876E-E40D-4F80-9920-15121661885C}.AppStore|x86.Deploy.0 = Debug|Any CPU
		{9F15876E-E40D-4F80-9920-15121661885C}.Debug|Any CPU.ActiveCfg = Debug|Any CPU
		{9F15876E-E40D-4F80-9920-15121661885C}.Debug|Any CPU.Build.0 = Debug|Any CPU
		{9F15876E-E40D-4F80-9920-15121661885C}.Debug|Any CPU.Deploy.0 = Debug|Any CPU
		{9F15876E-E40D-4F80-9920-15121661885C}.Debug|ARM.ActiveCfg = Debug|Any CPU
		{9F15876E-E40D-4F80-9920-15121661885C}.Debug|ARM.Build.0 = Debug|Any CPU
		{9F15876E-E40D-4F80-9920-15121661885C}.Debug|ARM.Deploy.0 = Debug|Any CPU
		{9F15876E-E40D-4F80-9920-15121661885C}.Debug|iPhone.ActiveCfg = Debug|Any CPU
		{9F15876E-E40D-4F80-9920-15121661885C}.Debug|iPhone.Build.0 = Debug|Any CPU
		{9F15876E-E40D-4F80-9920-15121661885C}.Debug|iPhone.Deploy.0 = Debug|Any CPU
		{9F15876E-E40D-4F80-9920-15121661885C}.Debug|iPhoneSimulator.ActiveCfg = Debug|Any CPU
		{9F15876E-E40D-4F80-9920-15121661885C}.Debug|iPhoneSimulator.Build.0 = Debug|Any CPU
		{9F15876E-E40D-4F80-9920-15121661885C}.Debug|iPhoneSimulator.Deploy.0 = Debug|Any CPU
		{9F15876E-E40D-4F80-9920-15121661885C}.Debug|x64.ActiveCfg = Debug|Any CPU
		{9F15876E-E40D-4F80-9920-15121661885C}.Debug|x64.Build.0 = Debug|Any CPU
		{9F15876E-E40D-4F80-9920-15121661885C}.Debug|x64.Deploy.0 = Debug|Any CPU
		{9F15876E-E40D-4F80-9920-15121661885C}.Debug|x86.ActiveCfg = Debug|Any CPU
		{9F15876E-E40D-4F80-9920-15121661885C}.Debug|x86.Build.0 = Debug|Any CPU
		{9F15876E-E40D-4F80-9920-15121661885C}.Debug|x86.Deploy.0 = Debug|Any CPU
		{9F15876E-E40D-4F80-9920-15121661885C}.Release|Any CPU.ActiveCfg = Release|Any CPU
		{9F15876E-E40D-4F80-9920-15121661885C}.Release|Any CPU.Build.0 = Release|Any CPU
		{9F15876E-E40D-4F80-9920-15121661885C}.Release|Any CPU.Deploy.0 = Release|Any CPU
		{9F15876E-E40D-4F80-9920-15121661885C}.Release|ARM.ActiveCfg = Release|Any CPU
		{9F15876E-E40D-4F80-9920-15121661885C}.Release|ARM.Build.0 = Release|Any CPU
		{9F15876E-E40D-4F80-9920-15121661885C}.Release|ARM.Deploy.0 = Release|Any CPU
		{9F15876E-E40D-4F80-9920-15121661885C}.Release|iPhone.ActiveCfg = Release|Any CPU
		{9F15876E-E40D-4F80-9920-15121661885C}.Release|iPhone.Build.0 = Release|Any CPU
		{9F15876E-E40D-4F80-9920-15121661885C}.Release|iPhone.Deploy.0 = Release|Any CPU
		{9F15876E-E40D-4F80-9920-15121661885C}.Release|iPhoneSimulator.ActiveCfg = Release|Any CPU
		{9F15876E-E40D-4F80-9920-15121661885C}.Release|iPhoneSimulator.Build.0 = Release|Any CPU
		{9F15876E-E40D-4F80-9920-15121661885C}.Release|iPhoneSimulator.Deploy.0 = Release|Any CPU
		{9F15876E-E40D-4F80-9920-15121661885C}.Release|x64.ActiveCfg = Release|Any CPU
		{9F15876E-E40D-4F80-9920-15121661885C}.Release|x64.Build.0 = Release|Any CPU
		{9F15876E-E40D-4F80-9920-15121661885C}.Release|x64.Deploy.0 = Release|Any CPU
		{9F15876E-E40D-4F80-9920-15121661885C}.Release|x86.ActiveCfg = Release|Any CPU
		{9F15876E-E40D-4F80-9920-15121661885C}.Release|x86.Build.0 = Release|Any CPU
		{9F15876E-E40D-4F80-9920-15121661885C}.Release|x86.Deploy.0 = Release|Any CPU
		{BA5BF473-1842-4D86-82A2-AB7E35638DB8}.Ad-Hoc|Any CPU.ActiveCfg = Ad-Hoc|iPhone
		{BA5BF473-1842-4D86-82A2-AB7E35638DB8}.Ad-Hoc|ARM.ActiveCfg = Ad-Hoc|iPhoneSimulator
		{BA5BF473-1842-4D86-82A2-AB7E35638DB8}.Ad-Hoc|iPhone.ActiveCfg = Ad-Hoc|iPhone
		{BA5BF473-1842-4D86-82A2-AB7E35638DB8}.Ad-Hoc|iPhone.Build.0 = Ad-Hoc|iPhone
		{BA5BF473-1842-4D86-82A2-AB7E35638DB8}.Ad-Hoc|iPhoneSimulator.ActiveCfg = Ad-Hoc|iPhoneSimulator
		{BA5BF473-1842-4D86-82A2-AB7E35638DB8}.Ad-Hoc|iPhoneSimulator.Build.0 = Ad-Hoc|iPhoneSimulator
		{BA5BF473-1842-4D86-82A2-AB7E35638DB8}.Ad-Hoc|x64.ActiveCfg = Ad-Hoc|iPhoneSimulator
		{BA5BF473-1842-4D86-82A2-AB7E35638DB8}.Ad-Hoc|x86.ActiveCfg = Ad-Hoc|iPhoneSimulator
		{BA5BF473-1842-4D86-82A2-AB7E35638DB8}.AppStore|Any CPU.ActiveCfg = AppStore|iPhone
		{BA5BF473-1842-4D86-82A2-AB7E35638DB8}.AppStore|ARM.ActiveCfg = AppStore|iPhoneSimulator
		{BA5BF473-1842-4D86-82A2-AB7E35638DB8}.AppStore|iPhone.ActiveCfg = AppStore|iPhone
		{BA5BF473-1842-4D86-82A2-AB7E35638DB8}.AppStore|iPhone.Build.0 = AppStore|iPhone
		{BA5BF473-1842-4D86-82A2-AB7E35638DB8}.AppStore|iPhoneSimulator.ActiveCfg = AppStore|iPhoneSimulator
		{BA5BF473-1842-4D86-82A2-AB7E35638DB8}.AppStore|iPhoneSimulator.Build.0 = AppStore|iPhoneSimulator
		{BA5BF473-1842-4D86-82A2-AB7E35638DB8}.AppStore|x64.ActiveCfg = AppStore|iPhoneSimulator
		{BA5BF473-1842-4D86-82A2-AB7E35638DB8}.AppStore|x86.ActiveCfg = AppStore|iPhoneSimulator
		{BA5BF473-1842-4D86-82A2-AB7E35638DB8}.Debug|Any CPU.ActiveCfg = Debug|iPhone
		{BA5BF473-1842-4D86-82A2-AB7E35638DB8}.Debug|ARM.ActiveCfg = Debug|iPhoneSimulator
		{BA5BF473-1842-4D86-82A2-AB7E35638DB8}.Debug|iPhone.ActiveCfg = Debug|iPhone
		{BA5BF473-1842-4D86-82A2-AB7E35638DB8}.Debug|iPhone.Build.0 = Debug|iPhone
		{BA5BF473-1842-4D86-82A2-AB7E35638DB8}.Debug|iPhoneSimulator.ActiveCfg = Debug|iPhoneSimulator
		{BA5BF473-1842-4D86-82A2-AB7E35638DB8}.Debug|iPhoneSimulator.Build.0 = Debug|iPhoneSimulator
		{BA5BF473-1842-4D86-82A2-AB7E35638DB8}.Debug|x64.ActiveCfg = Debug|iPhoneSimulator
		{BA5BF473-1842-4D86-82A2-AB7E35638DB8}.Debug|x86.ActiveCfg = Debug|iPhoneSimulator
		{BA5BF473-1842-4D86-82A2-AB7E35638DB8}.Release|Any CPU.ActiveCfg = Release|iPhone
		{BA5BF473-1842-4D86-82A2-AB7E35638DB8}.Release|ARM.ActiveCfg = Release|iPhoneSimulator
		{BA5BF473-1842-4D86-82A2-AB7E35638DB8}.Release|iPhone.ActiveCfg = Release|iPhone
		{BA5BF473-1842-4D86-82A2-AB7E35638DB8}.Release|iPhone.Build.0 = Release|iPhone
		{BA5BF473-1842-4D86-82A2-AB7E35638DB8}.Release|iPhoneSimulator.ActiveCfg = Release|iPhoneSimulator
		{BA5BF473-1842-4D86-82A2-AB7E35638DB8}.Release|iPhoneSimulator.Build.0 = Release|iPhoneSimulator
		{BA5BF473-1842-4D86-82A2-AB7E35638DB8}.Release|x64.ActiveCfg = Release|iPhoneSimulator
		{BA5BF473-1842-4D86-82A2-AB7E35638DB8}.Release|x86.ActiveCfg = Release|iPhoneSimulator
		{5AC54F9B-6238-4FC3-AAFB-86EBAC3495DC}.Ad-Hoc|Any CPU.ActiveCfg = Release|Any CPU
		{5AC54F9B-6238-4FC3-AAFB-86EBAC3495DC}.Ad-Hoc|Any CPU.Build.0 = Release|Any CPU
		{5AC54F9B-6238-4FC3-AAFB-86EBAC3495DC}.Ad-Hoc|Any CPU.Deploy.0 = Release|Any CPU
		{5AC54F9B-6238-4FC3-AAFB-86EBAC3495DC}.Ad-Hoc|ARM.ActiveCfg = Release|ARM
		{5AC54F9B-6238-4FC3-AAFB-86EBAC3495DC}.Ad-Hoc|ARM.Build.0 = Release|ARM
		{5AC54F9B-6238-4FC3-AAFB-86EBAC3495DC}.Ad-Hoc|ARM.Deploy.0 = Release|ARM
		{5AC54F9B-6238-4FC3-AAFB-86EBAC3495DC}.Ad-Hoc|iPhone.ActiveCfg = Release|Any CPU
		{5AC54F9B-6238-4FC3-AAFB-86EBAC3495DC}.Ad-Hoc|iPhone.Build.0 = Release|Any CPU
		{5AC54F9B-6238-4FC3-AAFB-86EBAC3495DC}.Ad-Hoc|iPhone.Deploy.0 = Release|Any CPU
		{5AC54F9B-6238-4FC3-AAFB-86EBAC3495DC}.Ad-Hoc|iPhoneSimulator.ActiveCfg = Release|Any CPU
		{5AC54F9B-6238-4FC3-AAFB-86EBAC3495DC}.Ad-Hoc|iPhoneSimulator.Build.0 = Release|Any CPU
		{5AC54F9B-6238-4FC3-AAFB-86EBAC3495DC}.Ad-Hoc|iPhoneSimulator.Deploy.0 = Release|Any CPU
		{5AC54F9B-6238-4FC3-AAFB-86EBAC3495DC}.Ad-Hoc|x64.ActiveCfg = Debug|Any CPU
		{5AC54F9B-6238-4FC3-AAFB-86EBAC3495DC}.Ad-Hoc|x64.Build.0 = Debug|Any CPU
		{5AC54F9B-6238-4FC3-AAFB-86EBAC3495DC}.Ad-Hoc|x64.Deploy.0 = Debug|Any CPU
		{5AC54F9B-6238-4FC3-AAFB-86EBAC3495DC}.Ad-Hoc|x86.ActiveCfg = Release|x86
		{5AC54F9B-6238-4FC3-AAFB-86EBAC3495DC}.Ad-Hoc|x86.Build.0 = Release|x86
		{5AC54F9B-6238-4FC3-AAFB-86EBAC3495DC}.Ad-Hoc|x86.Deploy.0 = Release|x86
		{5AC54F9B-6238-4FC3-AAFB-86EBAC3495DC}.AppStore|Any CPU.ActiveCfg = Release|Any CPU
		{5AC54F9B-6238-4FC3-AAFB-86EBAC3495DC}.AppStore|Any CPU.Build.0 = Release|Any CPU
		{5AC54F9B-6238-4FC3-AAFB-86EBAC3495DC}.AppStore|Any CPU.Deploy.0 = Release|Any CPU
		{5AC54F9B-6238-4FC3-AAFB-86EBAC3495DC}.AppStore|ARM.ActiveCfg = Release|ARM
		{5AC54F9B-6238-4FC3-AAFB-86EBAC3495DC}.AppStore|ARM.Build.0 = Release|ARM
		{5AC54F9B-6238-4FC3-AAFB-86EBAC3495DC}.AppStore|ARM.Deploy.0 = Release|ARM
		{5AC54F9B-6238-4FC3-AAFB-86EBAC3495DC}.AppStore|iPhone.ActiveCfg = Release|Any CPU
		{5AC54F9B-6238-4FC3-AAFB-86EBAC3495DC}.AppStore|iPhone.Build.0 = Release|Any CPU
		{5AC54F9B-6238-4FC3-AAFB-86EBAC3495DC}.AppStore|iPhone.Deploy.0 = Release|Any CPU
		{5AC54F9B-6238-4FC3-AAFB-86EBAC3495DC}.AppStore|iPhoneSimulator.ActiveCfg = Release|Any CPU
		{5AC54F9B-6238-4FC3-AAFB-86EBAC3495DC}.AppStore|iPhoneSimulator.Build.0 = Release|Any CPU
		{5AC54F9B-6238-4FC3-AAFB-86EBAC3495DC}.AppStore|iPhoneSimulator.Deploy.0 = Release|Any CPU
		{5AC54F9B-6238-4FC3-AAFB-86EBAC3495DC}.AppStore|x64.ActiveCfg = Debug|Any CPU
		{5AC54F9B-6238-4FC3-AAFB-86EBAC3495DC}.AppStore|x64.Build.0 = Debug|Any CPU
		{5AC54F9B-6238-4FC3-AAFB-86EBAC3495DC}.AppStore|x64.Deploy.0 = Debug|Any CPU
		{5AC54F9B-6238-4FC3-AAFB-86EBAC3495DC}.AppStore|x86.ActiveCfg = Release|x86
		{5AC54F9B-6238-4FC3-AAFB-86EBAC3495DC}.AppStore|x86.Build.0 = Release|x86
		{5AC54F9B-6238-4FC3-AAFB-86EBAC3495DC}.AppStore|x86.Deploy.0 = Release|x86
		{5AC54F9B-6238-4FC3-AAFB-86EBAC3495DC}.Debug|Any CPU.ActiveCfg = Debug|Any CPU
		{5AC54F9B-6238-4FC3-AAFB-86EBAC3495DC}.Debug|Any CPU.Build.0 = Debug|Any CPU
		{5AC54F9B-6238-4FC3-AAFB-86EBAC3495DC}.Debug|Any CPU.Deploy.0 = Debug|Any CPU
		{5AC54F9B-6238-4FC3-AAFB-86EBAC3495DC}.Debug|ARM.ActiveCfg = Debug|ARM
		{5AC54F9B-6238-4FC3-AAFB-86EBAC3495DC}.Debug|ARM.Build.0 = Debug|ARM
		{5AC54F9B-6238-4FC3-AAFB-86EBAC3495DC}.Debug|ARM.Deploy.0 = Debug|ARM
		{5AC54F9B-6238-4FC3-AAFB-86EBAC3495DC}.Debug|iPhone.ActiveCfg = Debug|Any CPU
		{5AC54F9B-6238-4FC3-AAFB-86EBAC3495DC}.Debug|iPhone.Build.0 = Debug|Any CPU
		{5AC54F9B-6238-4FC3-AAFB-86EBAC3495DC}.Debug|iPhone.Deploy.0 = Debug|Any CPU
		{5AC54F9B-6238-4FC3-AAFB-86EBAC3495DC}.Debug|iPhoneSimulator.ActiveCfg = Debug|Any CPU
		{5AC54F9B-6238-4FC3-AAFB-86EBAC3495DC}.Debug|iPhoneSimulator.Build.0 = Debug|Any CPU
		{5AC54F9B-6238-4FC3-AAFB-86EBAC3495DC}.Debug|iPhoneSimulator.Deploy.0 = Debug|Any CPU
		{5AC54F9B-6238-4FC3-AAFB-86EBAC3495DC}.Debug|x64.ActiveCfg = Debug|Any CPU
		{5AC54F9B-6238-4FC3-AAFB-86EBAC3495DC}.Debug|x64.Build.0 = Debug|Any CPU
		{5AC54F9B-6238-4FC3-AAFB-86EBAC3495DC}.Debug|x64.Deploy.0 = Debug|Any CPU
		{5AC54F9B-6238-4FC3-AAFB-86EBAC3495DC}.Debug|x86.ActiveCfg = Debug|x86
		{5AC54F9B-6238-4FC3-AAFB-86EBAC3495DC}.Debug|x86.Build.0 = Debug|x86
		{5AC54F9B-6238-4FC3-AAFB-86EBAC3495DC}.Debug|x86.Deploy.0 = Debug|x86
		{5AC54F9B-6238-4FC3-AAFB-86EBAC3495DC}.Release|Any CPU.ActiveCfg = Release|Any CPU
		{5AC54F9B-6238-4FC3-AAFB-86EBAC3495DC}.Release|Any CPU.Build.0 = Release|Any CPU
		{5AC54F9B-6238-4FC3-AAFB-86EBAC3495DC}.Release|Any CPU.Deploy.0 = Release|Any CPU
		{5AC54F9B-6238-4FC3-AAFB-86EBAC3495DC}.Release|ARM.ActiveCfg = Release|ARM
		{5AC54F9B-6238-4FC3-AAFB-86EBAC3495DC}.Release|ARM.Build.0 = Release|ARM
		{5AC54F9B-6238-4FC3-AAFB-86EBAC3495DC}.Release|ARM.Deploy.0 = Release|ARM
		{5AC54F9B-6238-4FC3-AAFB-86EBAC3495DC}.Release|iPhone.ActiveCfg = Release|Any CPU
		{5AC54F9B-6238-4FC3-AAFB-86EBAC3495DC}.Release|iPhone.Build.0 = Release|Any CPU
		{5AC54F9B-6238-4FC3-AAFB-86EBAC3495DC}.Release|iPhone.Deploy.0 = Release|Any CPU
		{5AC54F9B-6238-4FC3-AAFB-86EBAC3495DC}.Release|iPhoneSimulator.ActiveCfg = Release|Any CPU
		{5AC54F9B-6238-4FC3-AAFB-86EBAC3495DC}.Release|iPhoneSimulator.Build.0 = Release|Any CPU
		{5AC54F9B-6238-4FC3-AAFB-86EBAC3495DC}.Release|iPhoneSimulator.Deploy.0 = Release|Any CPU
		{5AC54F9B-6238-4FC3-AAFB-86EBAC3495DC}.Release|x64.ActiveCfg = Release|Any CPU
		{5AC54F9B-6238-4FC3-AAFB-86EBAC3495DC}.Release|x64.Build.0 = Release|Any CPU
		{5AC54F9B-6238-4FC3-AAFB-86EBAC3495DC}.Release|x64.Deploy.0 = Release|Any CPU
		{5AC54F9B-6238-4FC3-AAFB-86EBAC3495DC}.Release|x86.ActiveCfg = Release|x86
		{5AC54F9B-6238-4FC3-AAFB-86EBAC3495DC}.Release|x86.Build.0 = Release|x86
		{5AC54F9B-6238-4FC3-AAFB-86EBAC3495DC}.Release|x86.Deploy.0 = Release|x86
		{3DC6615A-EC73-430C-958E-56F6478DD588}.Ad-Hoc|Any CPU.ActiveCfg = Release|x64
		{3DC6615A-EC73-430C-958E-56F6478DD588}.Ad-Hoc|Any CPU.Build.0 = Release|x64
		{3DC6615A-EC73-430C-958E-56F6478DD588}.Ad-Hoc|Any CPU.Deploy.0 = Release|x64
		{3DC6615A-EC73-430C-958E-56F6478DD588}.Ad-Hoc|ARM.ActiveCfg = Release|ARM
		{3DC6615A-EC73-430C-958E-56F6478DD588}.Ad-Hoc|ARM.Build.0 = Release|ARM
		{3DC6615A-EC73-430C-958E-56F6478DD588}.Ad-Hoc|ARM.Deploy.0 = Release|ARM
		{3DC6615A-EC73-430C-958E-56F6478DD588}.Ad-Hoc|iPhone.ActiveCfg = Release|x64
		{3DC6615A-EC73-430C-958E-56F6478DD588}.Ad-Hoc|iPhone.Build.0 = Release|x64
		{3DC6615A-EC73-430C-958E-56F6478DD588}.Ad-Hoc|iPhone.Deploy.0 = Release|x64
		{3DC6615A-EC73-430C-958E-56F6478DD588}.Ad-Hoc|iPhoneSimulator.ActiveCfg = Release|x64
		{3DC6615A-EC73-430C-958E-56F6478DD588}.Ad-Hoc|iPhoneSimulator.Build.0 = Release|x64
		{3DC6615A-EC73-430C-958E-56F6478DD588}.Ad-Hoc|iPhoneSimulator.Deploy.0 = Release|x64
		{3DC6615A-EC73-430C-958E-56F6478DD588}.Ad-Hoc|x64.ActiveCfg = Release|x64
		{3DC6615A-EC73-430C-958E-56F6478DD588}.Ad-Hoc|x64.Build.0 = Release|x64
		{3DC6615A-EC73-430C-958E-56F6478DD588}.Ad-Hoc|x64.Deploy.0 = Release|x64
		{3DC6615A-EC73-430C-958E-56F6478DD588}.Ad-Hoc|x86.ActiveCfg = Release|x86
		{3DC6615A-EC73-430C-958E-56F6478DD588}.Ad-Hoc|x86.Build.0 = Release|x86
		{3DC6615A-EC73-430C-958E-56F6478DD588}.Ad-Hoc|x86.Deploy.0 = Release|x86
		{3DC6615A-EC73-430C-958E-56F6478DD588}.AppStore|Any CPU.ActiveCfg = Release|x64
		{3DC6615A-EC73-430C-958E-56F6478DD588}.AppStore|Any CPU.Build.0 = Release|x64
		{3DC6615A-EC73-430C-958E-56F6478DD588}.AppStore|Any CPU.Deploy.0 = Release|x64
		{3DC6615A-EC73-430C-958E-56F6478DD588}.AppStore|ARM.ActiveCfg = Release|ARM
		{3DC6615A-EC73-430C-958E-56F6478DD588}.AppStore|ARM.Build.0 = Release|ARM
		{3DC6615A-EC73-430C-958E-56F6478DD588}.AppStore|ARM.Deploy.0 = Release|ARM
		{3DC6615A-EC73-430C-958E-56F6478DD588}.AppStore|iPhone.ActiveCfg = Release|x64
		{3DC6615A-EC73-430C-958E-56F6478DD588}.AppStore|iPhone.Build.0 = Release|x64
		{3DC6615A-EC73-430C-958E-56F6478DD588}.AppStore|iPhone.Deploy.0 = Release|x64
		{3DC6615A-EC73-430C-958E-56F6478DD588}.AppStore|iPhoneSimulator.ActiveCfg = Release|x64
		{3DC6615A-EC73-430C-958E-56F6478DD588}.AppStore|iPhoneSimulator.Build.0 = Release|x64
		{3DC6615A-EC73-430C-958E-56F6478DD588}.AppStore|iPhoneSimulator.Deploy.0 = Release|x64
		{3DC6615A-EC73-430C-958E-56F6478DD588}.AppStore|x64.ActiveCfg = Release|x64
		{3DC6615A-EC73-430C-958E-56F6478DD588}.AppStore|x64.Build.0 = Release|x64
		{3DC6615A-EC73-430C-958E-56F6478DD588}.AppStore|x64.Deploy.0 = Release|x64
		{3DC6615A-EC73-430C-958E-56F6478DD588}.AppStore|x86.ActiveCfg = Release|x86
		{3DC6615A-EC73-430C-958E-56F6478DD588}.AppStore|x86.Build.0 = Release|x86
		{3DC6615A-EC73-430C-958E-56F6478DD588}.AppStore|x86.Deploy.0 = Release|x86
		{3DC6615A-EC73-430C-958E-56F6478DD588}.Debug|Any CPU.ActiveCfg = Debug|x86
		{3DC6615A-EC73-430C-958E-56F6478DD588}.Debug|Any CPU.Build.0 = Debug|x86
		{3DC6615A-EC73-430C-958E-56F6478DD588}.Debug|Any CPU.Deploy.0 = Debug|x86
		{3DC6615A-EC73-430C-958E-56F6478DD588}.Debug|ARM.ActiveCfg = Debug|ARM
		{3DC6615A-EC73-430C-958E-56F6478DD588}.Debug|ARM.Build.0 = Debug|ARM
		{3DC6615A-EC73-430C-958E-56F6478DD588}.Debug|ARM.Deploy.0 = Debug|ARM
		{3DC6615A-EC73-430C-958E-56F6478DD588}.Debug|iPhone.ActiveCfg = Debug|x86
		{3DC6615A-EC73-430C-958E-56F6478DD588}.Debug|iPhone.Build.0 = Debug|x86
		{3DC6615A-EC73-430C-958E-56F6478DD588}.Debug|iPhone.Deploy.0 = Debug|x86
		{3DC6615A-EC73-430C-958E-56F6478DD588}.Debug|iPhoneSimulator.ActiveCfg = Debug|x86
		{3DC6615A-EC73-430C-958E-56F6478DD588}.Debug|x64.ActiveCfg = Debug|x64
		{3DC6615A-EC73-430C-958E-56F6478DD588}.Debug|x64.Build.0 = Debug|x64
		{3DC6615A-EC73-430C-958E-56F6478DD588}.Debug|x64.Deploy.0 = Debug|x64
		{3DC6615A-EC73-430C-958E-56F6478DD588}.Debug|x86.ActiveCfg = Debug|x86
		{3DC6615A-EC73-430C-958E-56F6478DD588}.Debug|x86.Build.0 = Debug|x86
		{3DC6615A-EC73-430C-958E-56F6478DD588}.Debug|x86.Deploy.0 = Debug|x86
		{3DC6615A-EC73-430C-958E-56F6478DD588}.Release|Any CPU.ActiveCfg = Release|x86
		{3DC6615A-EC73-430C-958E-56F6478DD588}.Release|ARM.ActiveCfg = Release|ARM
		{3DC6615A-EC73-430C-958E-56F6478DD588}.Release|ARM.Build.0 = Release|ARM
		{3DC6615A-EC73-430C-958E-56F6478DD588}.Release|ARM.Deploy.0 = Release|ARM
		{3DC6615A-EC73-430C-958E-56F6478DD588}.Release|iPhone.ActiveCfg = Release|x86
		{3DC6615A-EC73-430C-958E-56F6478DD588}.Release|iPhoneSimulator.ActiveCfg = Release|x86
		{3DC6615A-EC73-430C-958E-56F6478DD588}.Release|x64.ActiveCfg = Release|x64
		{3DC6615A-EC73-430C-958E-56F6478DD588}.Release|x64.Build.0 = Release|x64
		{3DC6615A-EC73-430C-958E-56F6478DD588}.Release|x64.Deploy.0 = Release|x64
		{3DC6615A-EC73-430C-958E-56F6478DD588}.Release|x86.ActiveCfg = Release|x86
		{3DC6615A-EC73-430C-958E-56F6478DD588}.Release|x86.Build.0 = Release|x86
		{3DC6615A-EC73-430C-958E-56F6478DD588}.Release|x86.Deploy.0 = Release|x86
	EndGlobalSection
	GlobalSection(SolutionProperties) = preSolution
		HideSolutionNode = FALSE
	EndGlobalSection
EndGlobal
