
Microsoft Visual Studio Solution File, Format Version 12.00
# Visual Studio 15
VisualStudioVersion = 15.0.26430.13
MinimumVisualStudioVersion = 10.0.40219.1
Project("{FAE04EC0-301F-11D3-BF4B-00C04F79EFBC}") = "Integreat.iOS", "Integreat\Integreat.iOS\Integreat.iOS.csproj", "{57D462E5-DA95-44F5-B15D-05F2A83CE67C}"
EndProject
Project("{FAE04EC0-301F-11D3-BF4B-00C04F79EFBC}") = "Integreat.Droid", "Integreat\Integreat.Droid\Integreat.Droid.csproj", "{A7E21580-4FB4-483E-8EAD-C8399E749A3D}"
EndProject
Project("{D954291E-2A0B-460D-934E-DC6B0785DB48}") = "Integreat.Shared", "Integreat\Integreat.Shared\Integreat.Shared.shproj", "{0E44FB35-2A2A-4091-9D15-F03046532D96}"
EndProject
Project("{2150E333-8FDC-42A3-9474-1A3956D46DE8}") = "01_Shared", "01_Shared", "{14931A35-C66D-4720-8882-196DD4C01968}"
EndProject
Project("{2150E333-8FDC-42A3-9474-1A3956D46DE8}") = "02_Tests", "02_Tests", "{4854F4C2-1983-4609-8A91-67D88818FDF3}"
EndProject
Project("{2150E333-8FDC-42A3-9474-1A3956D46DE8}") = "03_Integrations", "03_Integrations", "{B2A780A4-BA0A-4EDE-8DD8-403D566D9CBF}"
EndProject
Project("{FAE04EC0-301F-11D3-BF4B-00C04F79EFBC}") = "localization", "localization\localization.csproj", "{67F9D3A8-F71E-4428-913F-C37AE82CDB24}"
EndProject
Project("{2150E333-8FDC-42A3-9474-1A3956D46DE8}") = "04_SolutionItems", "04_SolutionItems", "{C0164014-5210-48CA-8647-DB82F493F5C9}"
	ProjectSection(SolutionItems) = preProject
		.editorconfig = .editorconfig
		README.md = README.md
	EndProjectSection
EndProject
Global
	GlobalSection(SharedMSBuildProjectFiles) = preSolution
		Integreat\Integreat.Shared\Integreat.Shared.projitems*{0e44fb35-2a2a-4091-9d15-f03046532d96}*SharedItemsImports = 13
		Integreat\Integreat.Shared\Integreat.Shared.projitems*{57d462e5-da95-44f5-b15d-05f2a83ce67c}*SharedItemsImports = 4
		Integreat\Integreat.Shared\Integreat.Shared.projitems*{a7e21580-4fb4-483e-8ead-c8399e749a3d}*SharedItemsImports = 4
	EndGlobalSection
	GlobalSection(SolutionConfigurationPlatforms) = preSolution
		Ad-Hoc|Any CPU = Ad-Hoc|Any CPU
		Ad-Hoc|ARM = Ad-Hoc|ARM
		Ad-Hoc|iPhone = Ad-Hoc|iPhone
		Ad-Hoc|iPhoneSimulator = Ad-Hoc|iPhoneSimulator
		Ad-Hoc|Unix = Ad-Hoc|Unix
		Ad-Hoc|x64 = Ad-Hoc|x64
		Ad-Hoc|x86 = Ad-Hoc|x86
		AppStore|Any CPU = AppStore|Any CPU
		AppStore|ARM = AppStore|ARM
		AppStore|iPhone = AppStore|iPhone
		AppStore|iPhoneSimulator = AppStore|iPhoneSimulator
		AppStore|Unix = AppStore|Unix
		AppStore|x64 = AppStore|x64
		AppStore|x86 = AppStore|x86
		Debug|Any CPU = Debug|Any CPU
		Debug|ARM = Debug|ARM
		Debug|iPhone = Debug|iPhone
		Debug|iPhoneSimulator = Debug|iPhoneSimulator
		Debug|Unix = Debug|Unix
		Debug|x64 = Debug|x64
		Debug|x86 = Debug|x86
		Release|Any CPU = Release|Any CPU
		Release|ARM = Release|ARM
		Release|iPhone = Release|iPhone
		Release|iPhoneSimulator = Release|iPhoneSimulator
		Release|Unix = Release|Unix
		Release|x64 = Release|x64
		Release|x86 = Release|x86
	EndGlobalSection
	GlobalSection(ProjectConfigurationPlatforms) = postSolution
		{57D462E5-DA95-44F5-B15D-05F2A83CE67C}.Ad-Hoc|Any CPU.ActiveCfg = Ad-Hoc|iPhone
		{57D462E5-DA95-44F5-B15D-05F2A83CE67C}.Ad-Hoc|ARM.ActiveCfg = Ad-Hoc|iPhoneSimulator
		{57D462E5-DA95-44F5-B15D-05F2A83CE67C}.Ad-Hoc|iPhone.ActiveCfg = Ad-Hoc|iPhone
		{57D462E5-DA95-44F5-B15D-05F2A83CE67C}.Ad-Hoc|iPhone.Build.0 = Ad-Hoc|iPhone
		{57D462E5-DA95-44F5-B15D-05F2A83CE67C}.Ad-Hoc|iPhoneSimulator.ActiveCfg = Ad-Hoc|iPhoneSimulator
		{57D462E5-DA95-44F5-B15D-05F2A83CE67C}.Ad-Hoc|iPhoneSimulator.Build.0 = Ad-Hoc|iPhoneSimulator
		{57D462E5-DA95-44F5-B15D-05F2A83CE67C}.Ad-Hoc|Unix.ActiveCfg = Ad-Hoc|iPhoneSimulator
		{57D462E5-DA95-44F5-B15D-05F2A83CE67C}.Ad-Hoc|x64.ActiveCfg = Ad-Hoc|iPhoneSimulator
		{57D462E5-DA95-44F5-B15D-05F2A83CE67C}.Ad-Hoc|x86.ActiveCfg = Ad-Hoc|iPhoneSimulator
		{57D462E5-DA95-44F5-B15D-05F2A83CE67C}.AppStore|Any CPU.ActiveCfg = AppStore|iPhone
		{57D462E5-DA95-44F5-B15D-05F2A83CE67C}.AppStore|ARM.ActiveCfg = AppStore|iPhoneSimulator
		{57D462E5-DA95-44F5-B15D-05F2A83CE67C}.AppStore|iPhone.ActiveCfg = AppStore|iPhone
		{57D462E5-DA95-44F5-B15D-05F2A83CE67C}.AppStore|iPhone.Build.0 = AppStore|iPhone
		{57D462E5-DA95-44F5-B15D-05F2A83CE67C}.AppStore|iPhoneSimulator.ActiveCfg = AppStore|iPhoneSimulator
		{57D462E5-DA95-44F5-B15D-05F2A83CE67C}.AppStore|iPhoneSimulator.Build.0 = AppStore|iPhoneSimulator
		{57D462E5-DA95-44F5-B15D-05F2A83CE67C}.AppStore|Unix.ActiveCfg = AppStore|iPhoneSimulator
		{57D462E5-DA95-44F5-B15D-05F2A83CE67C}.AppStore|x64.ActiveCfg = AppStore|iPhoneSimulator
		{57D462E5-DA95-44F5-B15D-05F2A83CE67C}.AppStore|x86.ActiveCfg = AppStore|iPhoneSimulator
		{57D462E5-DA95-44F5-B15D-05F2A83CE67C}.Debug|Any CPU.ActiveCfg = Debug|iPhone
		{57D462E5-DA95-44F5-B15D-05F2A83CE67C}.Debug|ARM.ActiveCfg = Debug|iPhoneSimulator
		{57D462E5-DA95-44F5-B15D-05F2A83CE67C}.Debug|iPhone.ActiveCfg = Debug|iPhone
		{57D462E5-DA95-44F5-B15D-05F2A83CE67C}.Debug|iPhone.Build.0 = Debug|iPhone
		{57D462E5-DA95-44F5-B15D-05F2A83CE67C}.Debug|iPhoneSimulator.ActiveCfg = Debug|iPhoneSimulator
		{57D462E5-DA95-44F5-B15D-05F2A83CE67C}.Debug|iPhoneSimulator.Build.0 = Debug|iPhoneSimulator
		{57D462E5-DA95-44F5-B15D-05F2A83CE67C}.Debug|Unix.ActiveCfg = Debug|iPhoneSimulator
		{57D462E5-DA95-44F5-B15D-05F2A83CE67C}.Debug|x64.ActiveCfg = Debug|iPhoneSimulator
		{57D462E5-DA95-44F5-B15D-05F2A83CE67C}.Debug|x86.ActiveCfg = Debug|iPhoneSimulator
		{57D462E5-DA95-44F5-B15D-05F2A83CE67C}.Release|Any CPU.ActiveCfg = Release|iPhone
		{57D462E5-DA95-44F5-B15D-05F2A83CE67C}.Release|ARM.ActiveCfg = Release|iPhoneSimulator
		{57D462E5-DA95-44F5-B15D-05F2A83CE67C}.Release|iPhone.ActiveCfg = Release|iPhone
		{57D462E5-DA95-44F5-B15D-05F2A83CE67C}.Release|iPhone.Build.0 = Release|iPhone
		{57D462E5-DA95-44F5-B15D-05F2A83CE67C}.Release|iPhoneSimulator.ActiveCfg = Release|iPhoneSimulator
		{57D462E5-DA95-44F5-B15D-05F2A83CE67C}.Release|iPhoneSimulator.Build.0 = Release|iPhoneSimulator
		{57D462E5-DA95-44F5-B15D-05F2A83CE67C}.Release|Unix.ActiveCfg = Release|iPhoneSimulator
		{57D462E5-DA95-44F5-B15D-05F2A83CE67C}.Release|x64.ActiveCfg = Release|iPhoneSimulator
		{57D462E5-DA95-44F5-B15D-05F2A83CE67C}.Release|x86.ActiveCfg = Release|iPhoneSimulator
		{A7E21580-4FB4-483E-8EAD-C8399E749A3D}.Ad-Hoc|Any CPU.ActiveCfg = Release|Any CPU
		{A7E21580-4FB4-483E-8EAD-C8399E749A3D}.Ad-Hoc|Any CPU.Build.0 = Release|Any CPU
		{A7E21580-4FB4-483E-8EAD-C8399E749A3D}.Ad-Hoc|Any CPU.Deploy.0 = Release|Any CPU
		{A7E21580-4FB4-483E-8EAD-C8399E749A3D}.Ad-Hoc|ARM.ActiveCfg = Debug|Any CPU
		{A7E21580-4FB4-483E-8EAD-C8399E749A3D}.Ad-Hoc|ARM.Build.0 = Debug|Any CPU
		{A7E21580-4FB4-483E-8EAD-C8399E749A3D}.Ad-Hoc|ARM.Deploy.0 = Debug|Any CPU
		{A7E21580-4FB4-483E-8EAD-C8399E749A3D}.Ad-Hoc|iPhone.ActiveCfg = Release|Any CPU
		{A7E21580-4FB4-483E-8EAD-C8399E749A3D}.Ad-Hoc|iPhone.Build.0 = Release|Any CPU
		{A7E21580-4FB4-483E-8EAD-C8399E749A3D}.Ad-Hoc|iPhone.Deploy.0 = Release|Any CPU
		{A7E21580-4FB4-483E-8EAD-C8399E749A3D}.Ad-Hoc|iPhoneSimulator.ActiveCfg = Release|Any CPU
		{A7E21580-4FB4-483E-8EAD-C8399E749A3D}.Ad-Hoc|iPhoneSimulator.Build.0 = Release|Any CPU
		{A7E21580-4FB4-483E-8EAD-C8399E749A3D}.Ad-Hoc|iPhoneSimulator.Deploy.0 = Release|Any CPU
		{A7E21580-4FB4-483E-8EAD-C8399E749A3D}.Ad-Hoc|Unix.ActiveCfg = Debug|Any CPU
		{A7E21580-4FB4-483E-8EAD-C8399E749A3D}.Ad-Hoc|Unix.Build.0 = Debug|Any CPU
		{A7E21580-4FB4-483E-8EAD-C8399E749A3D}.Ad-Hoc|Unix.Deploy.0 = Debug|Any CPU
		{A7E21580-4FB4-483E-8EAD-C8399E749A3D}.Ad-Hoc|x64.ActiveCfg = Debug|Any CPU
		{A7E21580-4FB4-483E-8EAD-C8399E749A3D}.Ad-Hoc|x64.Build.0 = Debug|Any CPU
		{A7E21580-4FB4-483E-8EAD-C8399E749A3D}.Ad-Hoc|x64.Deploy.0 = Debug|Any CPU
		{A7E21580-4FB4-483E-8EAD-C8399E749A3D}.Ad-Hoc|x86.ActiveCfg = Debug|Any CPU
		{A7E21580-4FB4-483E-8EAD-C8399E749A3D}.Ad-Hoc|x86.Build.0 = Debug|Any CPU
		{A7E21580-4FB4-483E-8EAD-C8399E749A3D}.Ad-Hoc|x86.Deploy.0 = Debug|Any CPU
		{A7E21580-4FB4-483E-8EAD-C8399E749A3D}.AppStore|Any CPU.ActiveCfg = Release|Any CPU
		{A7E21580-4FB4-483E-8EAD-C8399E749A3D}.AppStore|Any CPU.Build.0 = Release|Any CPU
		{A7E21580-4FB4-483E-8EAD-C8399E749A3D}.AppStore|Any CPU.Deploy.0 = Release|Any CPU
		{A7E21580-4FB4-483E-8EAD-C8399E749A3D}.AppStore|ARM.ActiveCfg = Debug|Any CPU
		{A7E21580-4FB4-483E-8EAD-C8399E749A3D}.AppStore|ARM.Build.0 = Debug|Any CPU
		{A7E21580-4FB4-483E-8EAD-C8399E749A3D}.AppStore|ARM.Deploy.0 = Debug|Any CPU
		{A7E21580-4FB4-483E-8EAD-C8399E749A3D}.AppStore|iPhone.ActiveCfg = Release|Any CPU
		{A7E21580-4FB4-483E-8EAD-C8399E749A3D}.AppStore|iPhone.Build.0 = Release|Any CPU
		{A7E21580-4FB4-483E-8EAD-C8399E749A3D}.AppStore|iPhone.Deploy.0 = Release|Any CPU
		{A7E21580-4FB4-483E-8EAD-C8399E749A3D}.AppStore|iPhoneSimulator.ActiveCfg = Release|Any CPU
		{A7E21580-4FB4-483E-8EAD-C8399E749A3D}.AppStore|iPhoneSimulator.Build.0 = Release|Any CPU
		{A7E21580-4FB4-483E-8EAD-C8399E749A3D}.AppStore|iPhoneSimulator.Deploy.0 = Release|Any CPU
		{A7E21580-4FB4-483E-8EAD-C8399E749A3D}.AppStore|Unix.ActiveCfg = Debug|Any CPU
		{A7E21580-4FB4-483E-8EAD-C8399E749A3D}.AppStore|Unix.Build.0 = Debug|Any CPU
		{A7E21580-4FB4-483E-8EAD-C8399E749A3D}.AppStore|Unix.Deploy.0 = Debug|Any CPU
		{A7E21580-4FB4-483E-8EAD-C8399E749A3D}.AppStore|x64.ActiveCfg = Debug|Any CPU
		{A7E21580-4FB4-483E-8EAD-C8399E749A3D}.AppStore|x64.Build.0 = Debug|Any CPU
		{A7E21580-4FB4-483E-8EAD-C8399E749A3D}.AppStore|x64.Deploy.0 = Debug|Any CPU
		{A7E21580-4FB4-483E-8EAD-C8399E749A3D}.AppStore|x86.ActiveCfg = Debug|Any CPU
		{A7E21580-4FB4-483E-8EAD-C8399E749A3D}.AppStore|x86.Build.0 = Debug|Any CPU
		{A7E21580-4FB4-483E-8EAD-C8399E749A3D}.AppStore|x86.Deploy.0 = Debug|Any CPU
		{A7E21580-4FB4-483E-8EAD-C8399E749A3D}.Debug|Any CPU.ActiveCfg = Debug|Any CPU
		{A7E21580-4FB4-483E-8EAD-C8399E749A3D}.Debug|Any CPU.Build.0 = Debug|Any CPU
		{A7E21580-4FB4-483E-8EAD-C8399E749A3D}.Debug|Any CPU.Deploy.0 = Debug|Any CPU
		{A7E21580-4FB4-483E-8EAD-C8399E749A3D}.Debug|ARM.ActiveCfg = Debug|Any CPU
		{A7E21580-4FB4-483E-8EAD-C8399E749A3D}.Debug|ARM.Build.0 = Debug|Any CPU
		{A7E21580-4FB4-483E-8EAD-C8399E749A3D}.Debug|ARM.Deploy.0 = Debug|Any CPU
		{A7E21580-4FB4-483E-8EAD-C8399E749A3D}.Debug|iPhone.ActiveCfg = Debug|Any CPU
		{A7E21580-4FB4-483E-8EAD-C8399E749A3D}.Debug|iPhone.Build.0 = Debug|Any CPU
		{A7E21580-4FB4-483E-8EAD-C8399E749A3D}.Debug|iPhone.Deploy.0 = Debug|Any CPU
		{A7E21580-4FB4-483E-8EAD-C8399E749A3D}.Debug|iPhoneSimulator.ActiveCfg = Debug|Any CPU
		{A7E21580-4FB4-483E-8EAD-C8399E749A3D}.Debug|iPhoneSimulator.Build.0 = Debug|Any CPU
		{A7E21580-4FB4-483E-8EAD-C8399E749A3D}.Debug|iPhoneSimulator.Deploy.0 = Debug|Any CPU
		{A7E21580-4FB4-483E-8EAD-C8399E749A3D}.Debug|Unix.ActiveCfg = Debug|Any CPU
		{A7E21580-4FB4-483E-8EAD-C8399E749A3D}.Debug|Unix.Build.0 = Debug|Any CPU
		{A7E21580-4FB4-483E-8EAD-C8399E749A3D}.Debug|Unix.Deploy.0 = Debug|Any CPU
		{A7E21580-4FB4-483E-8EAD-C8399E749A3D}.Debug|x64.ActiveCfg = Debug|Any CPU
		{A7E21580-4FB4-483E-8EAD-C8399E749A3D}.Debug|x64.Build.0 = Debug|Any CPU
		{A7E21580-4FB4-483E-8EAD-C8399E749A3D}.Debug|x64.Deploy.0 = Debug|Any CPU
		{A7E21580-4FB4-483E-8EAD-C8399E749A3D}.Debug|x86.ActiveCfg = Debug|Any CPU
		{A7E21580-4FB4-483E-8EAD-C8399E749A3D}.Debug|x86.Build.0 = Debug|Any CPU
		{A7E21580-4FB4-483E-8EAD-C8399E749A3D}.Debug|x86.Deploy.0 = Debug|Any CPU
		{A7E21580-4FB4-483E-8EAD-C8399E749A3D}.Release|Any CPU.ActiveCfg = Release|Any CPU
		{A7E21580-4FB4-483E-8EAD-C8399E749A3D}.Release|Any CPU.Build.0 = Release|Any CPU
		{A7E21580-4FB4-483E-8EAD-C8399E749A3D}.Release|Any CPU.Deploy.0 = Release|Any CPU
		{A7E21580-4FB4-483E-8EAD-C8399E749A3D}.Release|ARM.ActiveCfg = Release|Any CPU
		{A7E21580-4FB4-483E-8EAD-C8399E749A3D}.Release|ARM.Build.0 = Release|Any CPU
		{A7E21580-4FB4-483E-8EAD-C8399E749A3D}.Release|ARM.Deploy.0 = Release|Any CPU
		{A7E21580-4FB4-483E-8EAD-C8399E749A3D}.Release|iPhone.ActiveCfg = Release|Any CPU
		{A7E21580-4FB4-483E-8EAD-C8399E749A3D}.Release|iPhone.Build.0 = Release|Any CPU
		{A7E21580-4FB4-483E-8EAD-C8399E749A3D}.Release|iPhone.Deploy.0 = Release|Any CPU
		{A7E21580-4FB4-483E-8EAD-C8399E749A3D}.Release|iPhoneSimulator.ActiveCfg = Release|Any CPU
		{A7E21580-4FB4-483E-8EAD-C8399E749A3D}.Release|iPhoneSimulator.Build.0 = Release|Any CPU
		{A7E21580-4FB4-483E-8EAD-C8399E749A3D}.Release|iPhoneSimulator.Deploy.0 = Release|Any CPU
		{A7E21580-4FB4-483E-8EAD-C8399E749A3D}.Release|Unix.ActiveCfg = Release|Any CPU
		{A7E21580-4FB4-483E-8EAD-C8399E749A3D}.Release|Unix.Build.0 = Release|Any CPU
		{A7E21580-4FB4-483E-8EAD-C8399E749A3D}.Release|Unix.Deploy.0 = Release|Any CPU
		{A7E21580-4FB4-483E-8EAD-C8399E749A3D}.Release|x64.ActiveCfg = Release|Any CPU
		{A7E21580-4FB4-483E-8EAD-C8399E749A3D}.Release|x64.Build.0 = Release|Any CPU
		{A7E21580-4FB4-483E-8EAD-C8399E749A3D}.Release|x64.Deploy.0 = Release|Any CPU
		{A7E21580-4FB4-483E-8EAD-C8399E749A3D}.Release|x86.ActiveCfg = Release|Any CPU
		{A7E21580-4FB4-483E-8EAD-C8399E749A3D}.Release|x86.Build.0 = Release|Any CPU
		{A7E21580-4FB4-483E-8EAD-C8399E749A3D}.Release|x86.Deploy.0 = Release|Any CPU
		{67F9D3A8-F71E-4428-913F-C37AE82CDB24}.Ad-Hoc|Any CPU.ActiveCfg = Release|Any CPU
		{67F9D3A8-F71E-4428-913F-C37AE82CDB24}.Ad-Hoc|Any CPU.Build.0 = Release|Any CPU
		{67F9D3A8-F71E-4428-913F-C37AE82CDB24}.Ad-Hoc|ARM.ActiveCfg = Release|Any CPU
		{67F9D3A8-F71E-4428-913F-C37AE82CDB24}.Ad-Hoc|ARM.Build.0 = Release|Any CPU
		{67F9D3A8-F71E-4428-913F-C37AE82CDB24}.Ad-Hoc|iPhone.ActiveCfg = Release|Any CPU
		{67F9D3A8-F71E-4428-913F-C37AE82CDB24}.Ad-Hoc|iPhone.Build.0 = Release|Any CPU
		{67F9D3A8-F71E-4428-913F-C37AE82CDB24}.Ad-Hoc|iPhoneSimulator.ActiveCfg = Release|Any CPU
		{67F9D3A8-F71E-4428-913F-C37AE82CDB24}.Ad-Hoc|iPhoneSimulator.Build.0 = Release|Any CPU
		{67F9D3A8-F71E-4428-913F-C37AE82CDB24}.Ad-Hoc|Unix.ActiveCfg = Release|Any CPU
		{67F9D3A8-F71E-4428-913F-C37AE82CDB24}.Ad-Hoc|Unix.Build.0 = Release|Any CPU
		{67F9D3A8-F71E-4428-913F-C37AE82CDB24}.Ad-Hoc|x64.ActiveCfg = Release|Any CPU
		{67F9D3A8-F71E-4428-913F-C37AE82CDB24}.Ad-Hoc|x64.Build.0 = Release|Any CPU
		{67F9D3A8-F71E-4428-913F-C37AE82CDB24}.Ad-Hoc|x86.ActiveCfg = Release|Any CPU
		{67F9D3A8-F71E-4428-913F-C37AE82CDB24}.Ad-Hoc|x86.Build.0 = Release|Any CPU
		{67F9D3A8-F71E-4428-913F-C37AE82CDB24}.AppStore|Any CPU.ActiveCfg = Release|Any CPU
		{67F9D3A8-F71E-4428-913F-C37AE82CDB24}.AppStore|Any CPU.Build.0 = Release|Any CPU
		{67F9D3A8-F71E-4428-913F-C37AE82CDB24}.AppStore|ARM.ActiveCfg = Release|Any CPU
		{67F9D3A8-F71E-4428-913F-C37AE82CDB24}.AppStore|ARM.Build.0 = Release|Any CPU
		{67F9D3A8-F71E-4428-913F-C37AE82CDB24}.AppStore|iPhone.ActiveCfg = Release|Any CPU
		{67F9D3A8-F71E-4428-913F-C37AE82CDB24}.AppStore|iPhone.Build.0 = Release|Any CPU
		{67F9D3A8-F71E-4428-913F-C37AE82CDB24}.AppStore|iPhoneSimulator.ActiveCfg = Release|Any CPU
		{67F9D3A8-F71E-4428-913F-C37AE82CDB24}.AppStore|iPhoneSimulator.Build.0 = Release|Any CPU
		{67F9D3A8-F71E-4428-913F-C37AE82CDB24}.AppStore|Unix.ActiveCfg = Release|Any CPU
		{67F9D3A8-F71E-4428-913F-C37AE82CDB24}.AppStore|Unix.Build.0 = Release|Any CPU
		{67F9D3A8-F71E-4428-913F-C37AE82CDB24}.AppStore|x64.ActiveCfg = Release|Any CPU
		{67F9D3A8-F71E-4428-913F-C37AE82CDB24}.AppStore|x64.Build.0 = Release|Any CPU
		{67F9D3A8-F71E-4428-913F-C37AE82CDB24}.AppStore|x86.ActiveCfg = Release|Any CPU
		{67F9D3A8-F71E-4428-913F-C37AE82CDB24}.AppStore|x86.Build.0 = Release|Any CPU
		{67F9D3A8-F71E-4428-913F-C37AE82CDB24}.Debug|Any CPU.ActiveCfg = Debug|Any CPU
		{67F9D3A8-F71E-4428-913F-C37AE82CDB24}.Debug|Any CPU.Build.0 = Debug|Any CPU
		{67F9D3A8-F71E-4428-913F-C37AE82CDB24}.Debug|ARM.ActiveCfg = Debug|Any CPU
		{67F9D3A8-F71E-4428-913F-C37AE82CDB24}.Debug|ARM.Build.0 = Debug|Any CPU
		{67F9D3A8-F71E-4428-913F-C37AE82CDB24}.Debug|iPhone.ActiveCfg = Debug|Any CPU
		{67F9D3A8-F71E-4428-913F-C37AE82CDB24}.Debug|iPhone.Build.0 = Debug|Any CPU
		{67F9D3A8-F71E-4428-913F-C37AE82CDB24}.Debug|iPhoneSimulator.ActiveCfg = Debug|Any CPU
		{67F9D3A8-F71E-4428-913F-C37AE82CDB24}.Debug|iPhoneSimulator.Build.0 = Debug|Any CPU
		{67F9D3A8-F71E-4428-913F-C37AE82CDB24}.Debug|Unix.ActiveCfg = Debug|Any CPU
		{67F9D3A8-F71E-4428-913F-C37AE82CDB24}.Debug|Unix.Build.0 = Debug|Any CPU
		{67F9D3A8-F71E-4428-913F-C37AE82CDB24}.Debug|x64.ActiveCfg = Debug|Any CPU
		{67F9D3A8-F71E-4428-913F-C37AE82CDB24}.Debug|x64.Build.0 = Debug|Any CPU
		{67F9D3A8-F71E-4428-913F-C37AE82CDB24}.Debug|x86.ActiveCfg = Debug|Any CPU
		{67F9D3A8-F71E-4428-913F-C37AE82CDB24}.Debug|x86.Build.0 = Debug|Any CPU
		{67F9D3A8-F71E-4428-913F-C37AE82CDB24}.Release|Any CPU.ActiveCfg = Release|Any CPU
		{67F9D3A8-F71E-4428-913F-C37AE82CDB24}.Release|Any CPU.Build.0 = Release|Any CPU
		{67F9D3A8-F71E-4428-913F-C37AE82CDB24}.Release|ARM.ActiveCfg = Release|Any CPU
		{67F9D3A8-F71E-4428-913F-C37AE82CDB24}.Release|ARM.Build.0 = Release|Any CPU
		{67F9D3A8-F71E-4428-913F-C37AE82CDB24}.Release|iPhone.ActiveCfg = Release|Any CPU
		{67F9D3A8-F71E-4428-913F-C37AE82CDB24}.Release|iPhone.Build.0 = Release|Any CPU
		{67F9D3A8-F71E-4428-913F-C37AE82CDB24}.Release|iPhoneSimulator.ActiveCfg = Release|Any CPU
		{67F9D3A8-F71E-4428-913F-C37AE82CDB24}.Release|iPhoneSimulator.Build.0 = Release|Any CPU
		{67F9D3A8-F71E-4428-913F-C37AE82CDB24}.Release|Unix.ActiveCfg = Release|Any CPU
		{67F9D3A8-F71E-4428-913F-C37AE82CDB24}.Release|Unix.Build.0 = Release|Any CPU
		{67F9D3A8-F71E-4428-913F-C37AE82CDB24}.Release|x64.ActiveCfg = Release|Any CPU
		{67F9D3A8-F71E-4428-913F-C37AE82CDB24}.Release|x64.Build.0 = Release|Any CPU
		{67F9D3A8-F71E-4428-913F-C37AE82CDB24}.Release|x86.ActiveCfg = Release|Any CPU
		{67F9D3A8-F71E-4428-913F-C37AE82CDB24}.Release|x86.Build.0 = Release|Any CPU
	EndGlobalSection
	GlobalSection(SolutionProperties) = preSolution
		HideSolutionNode = FALSE
	EndGlobalSection
	GlobalSection(NestedProjects) = preSolution
		{57D462E5-DA95-44F5-B15D-05F2A83CE67C} = {B2A780A4-BA0A-4EDE-8DD8-403D566D9CBF}
		{A7E21580-4FB4-483E-8EAD-C8399E749A3D} = {B2A780A4-BA0A-4EDE-8DD8-403D566D9CBF}
		{0E44FB35-2A2A-4091-9D15-F03046532D96} = {14931A35-C66D-4720-8882-196DD4C01968}
		{67F9D3A8-F71E-4428-913F-C37AE82CDB24} = {14931A35-C66D-4720-8882-196DD4C01968}
	EndGlobalSection
EndGlobal
